
Microsoft Visual Studio Solution File, Format Version 12.00
# Visual Studio Version 17
Project("{8BC9CEB8-8B4A-11D0-8D11-00A0C91BC942}") = "ALL_BUILD", "ALL_BUILD.vcxproj", "{E7086149-EE9D-3BBC-96C3-5DCE6C5C6A64}"
	ProjectSection(ProjectDependencies) = postProject
		{F21CE52C-4B58-37FD-8FCB-2A5F5F99A861} = {F21CE52C-4B58-37FD-8FCB-2A5F5F99A861}
		{F0146CE9-0EC2-38EA-9CB5-BEC6E6402F8F} = {F0146CE9-0EC2-38EA-9CB5-BEC6E6402F8F}
	EndProjectSection
EndProject
Project("{8BC9CEB8-8B4A-11D0-8D11-00A0C91BC942}") = "INSTALL", "INSTALL.vcxproj", "{470BA18A-83F8-3BAA-8901-FE326D040801}"
	ProjectSection(ProjectDependencies) = postProject
		{E7086149-EE9D-3BBC-96C3-5DCE6C5C6A64} = {E7086149-EE9D-3BBC-96C3-5DCE6C5C6A64}
		{F21CE52C-4B58-37FD-8FCB-2A5F5F99A861} = {F21CE52C-4B58-37FD-8FCB-2A5F5F99A861}
	EndProjectSection
EndProject
Project("{8BC9CEB8-8B4A-11D0-8D11-00A0C91BC942}") = "ZERO_CHECK", "..\\ZERO_CHECK.vcxproj", "{F21CE52C-4B58-37FD-8FCB-2A5F5F99A861}"
	ProjectSection(ProjectDependencies) = postProject
	EndProjectSection
EndProject
Project("{8BC9CEB8-8B4A-11D0-8D11-00A0C91BC942}") = "flutter_assemble", "..\flutter\flutter_assemble.vcxproj", "{B59EAB8B-988D-33BB-AFAB-1B57C4DE75D1}"
	ProjectSection(ProjectDependencies) = postProject
		{F21CE52C-4B58-37FD-8FCB-2A5F5F99A861} = {F21CE52C-4B58-37FD-8FCB-2A5F5F99A861}
	EndProjectSection
EndProject
Project("{8BC9CEB8-8B4A-11D0-8D11-00A0C91BC942}") = "flutter_wrapper_app", "..\flutter\flutter_wrapper_app.vcxproj", "{01080735-A760-3741-B172-8480F9EA7C7C}"
	ProjectSection(ProjectDependencies) = postProject
		{F21CE52C-4B58-37FD-8FCB-2A5F5F99A861} = {F21CE52C-4B58-37FD-8FCB-2A5F5F99A861}
		{B59EAB8B-988D-33BB-AFAB-1B57C4DE75D1} = {B59EAB8B-988D-33BB-AFAB-1B57C4DE75D1}
	EndProjectSection
EndProject
Project("{8BC9CEB8-8B4A-11D0-8D11-00A0C91BC942}") = "flutter_wrapper_plugin", "..\flutter\flutter_wrapper_plugin.vcxproj", "{8AA5AA04-9D26-3D6D-8165-DA3763C3ED55}"
	ProjectSection(ProjectDependencies) = postProject
		{F21CE52C-4B58-37FD-8FCB-2A5F5F99A861} = {F21CE52C-4B58-37FD-8FCB-2A5F5F99A861}
		{B59EAB8B-988D-33BB-AFAB-1B57C4DE75D1} = {B59EAB8B-988D-33BB-AFAB-1B57C4DE75D1}
	EndProjectSection
EndProject
Project("{8BC9CEB8-8B4A-11D0-8D11-00A0C91BC942}") = "portfolio_flutter", "portfolio_flutter.vcxproj", "{F0146CE9-0EC2-38EA-9CB5-BEC6E6402F8F}"
	ProjectSection(ProjectDependencies) = postProject
		{F21CE52C-4B58-37FD-8FCB-2A5F5F99A861} = {F21CE52C-4B58-37FD-8FCB-2A5F5F99A861}
		{B59EAB8B-988D-33BB-AFAB-1B57C4DE75D1} = {B59EAB8B-988D-33BB-AFAB-1B57C4DE75D1}
		{01080735-A760-3741-B172-8480F9EA7C7C} = {01080735-A760-3741-B172-8480F9EA7C7C}
		{7410F5C0-9D07-3386-BFD9-17652828305B} = {7410F5C0-9D07-3386-BFD9-17652828305B}
	EndProjectSection
EndProject
Project("{8BC9CEB8-8B4A-11D0-8D11-00A0C91BC942}") = "url_launcher_windows_plugin", "..\plugins\url_launcher_windows\url_launcher_windows_plugin.vcxproj", "{7410F5C0-9D07-3386-BFD9-17652828305B}"
	ProjectSection(ProjectDependencies) = postProject
		{F21CE52C-4B58-37FD-8FCB-2A5F5F99A861} = {F21CE52C-4B58-37FD-8FCB-2A5F5F99A861}
		{B59EAB8B-988D-33BB-AFAB-1B57C4DE75D1} = {B59EAB8B-988D-33BB-AFAB-1B57C4DE75D1}
		{8AA5AA04-9D26-3D6D-8165-DA3763C3ED55} = {8AA5AA04-9D26-3D6D-8165-DA3763C3ED55}
	EndProjectSection
EndProject
Global
	GlobalSection(SolutionConfigurationPlatforms) = preSolution
		Debug|x64 = Debug|x64
		Profile|x64 = Profile|x64
		Release|x64 = Release|x64
	EndGlobalSection
	GlobalSection(ProjectConfigurationPlatforms) = postSolution
		{E7086149-EE9D-3BBC-96C3-5DCE6C5C6A64}.Debug|x64.ActiveCfg = Debug|x64
		{E7086149-EE9D-3BBC-96C3-5DCE6C5C6A64}.Debug|x64.Build.0 = Debug|x64
		{E7086149-EE9D-3BBC-96C3-5DCE6C5C6A64}.Profile|x64.ActiveCfg = Profile|x64
		{E7086149-EE9D-3BBC-96C3-5DCE6C5C6A64}.Profile|x64.Build.0 = Profile|x64
		{E7086149-EE9D-3BBC-96C3-5DCE6C5C6A64}.Release|x64.ActiveCfg = Release|x64
		{E7086149-EE9D-3BBC-96C3-5DCE6C5C6A64}.Release|x64.Build.0 = Release|x64
		{470BA18A-83F8-3BAA-8901-FE326D040801}.Debug|x64.ActiveCfg = Debug|x64
		{470BA18A-83F8-3BAA-8901-FE326D040801}.Profile|x64.ActiveCfg = Profile|x64
		{470BA18A-83F8-3BAA-8901-FE326D040801}.Release|x64.ActiveCfg = Release|x64
		{F21CE52C-4B58-37FD-8FCB-2A5F5F99A861}.Debug|x64.ActiveCfg = Debug|x64
		{F21CE52C-4B58-37FD-8FCB-2A5F5F99A861}.Debug|x64.Build.0 = Debug|x64
		{F21CE52C-4B58-37FD-8FCB-2A5F5F99A861}.Profile|x64.ActiveCfg = Profile|x64
		{F21CE52C-4B58-37FD-8FCB-2A5F5F99A861}.Profile|x64.Build.0 = Profile|x64
		{F21CE52C-4B58-37FD-8FCB-2A5F5F99A861}.Release|x64.ActiveCfg = Release|x64
		{F21CE52C-4B58-37FD-8FCB-2A5F5F99A861}.Release|x64.Build.0 = Release|x64
		{B59EAB8B-988D-33BB-AFAB-1B57C4DE75D1}.Debug|x64.ActiveCfg = Debug|x64
		{B59EAB8B-988D-33BB-AFAB-1B57C4DE75D1}.Debug|x64.Build.0 = Debug|x64
		{B59EAB8B-988D-33BB-AFAB-1B57C4DE75D1}.Profile|x64.ActiveCfg = Profile|x64
		{B59EAB8B-988D-33BB-AFAB-1B57C4DE75D1}.Profile|x64.Build.0 = Profile|x64
		{B59EAB8B-988D-33BB-AFAB-1B57C4DE75D1}.Release|x64.ActiveCfg = Release|x64
		{B59EAB8B-988D-33BB-AFAB-1B57C4DE75D1}.Release|x64.Build.0 = Release|x64
		{01080735-A760-3741-B172-8480F9EA7C7C}.Debug|x64.ActiveCfg = Debug|x64
		{01080735-A760-3741-B172-8480F9EA7C7C}.Debug|x64.Build.0 = Debug|x64
		{01080735-A760-3741-B172-8480F9EA7C7C}.Profile|x64.ActiveCfg = Profile|x64
		{01080735-A760-3741-B172-8480F9EA7C7C}.Profile|x64.Build.0 = Profile|x64
		{01080735-A760-3741-B172-8480F9EA7C7C}.Release|x64.ActiveCfg = Release|x64
		{01080735-A760-3741-B172-8480F9EA7C7C}.Release|x64.Build.0 = Release|x64
		{8AA5AA04-9D26-3D6D-8165-DA3763C3ED55}.Debug|x64.ActiveCfg = Debug|x64
		{8AA5AA04-9D26-3D6D-8165-DA3763C3ED55}.Debug|x64.Build.0 = Debug|x64
		{8AA5AA04-9D26-3D6D-8165-DA3763C3ED55}.Profile|x64.ActiveCfg = Profile|x64
		{8AA5AA04-9D26-3D6D-8165-DA3763C3ED55}.Profile|x64.Build.0 = Profile|x64
		{8AA5AA04-9D26-3D6D-8165-DA3763C3ED55}.Release|x64.ActiveCfg = Release|x64
		{8AA5AA04-9D26-3D6D-8165-DA3763C3ED55}.Release|x64.Build.0 = Release|x64
		{F0146CE9-0EC2-38EA-9CB5-BEC6E6402F8F}.Debug|x64.ActiveCfg = Debug|x64
		{F0146CE9-0EC2-38EA-9CB5-BEC6E6402F8F}.Debug|x64.Build.0 = Debug|x64
		{F0146CE9-0EC2-38EA-9CB5-BEC6E6402F8F}.Profile|x64.ActiveCfg = Profile|x64
		{F0146CE9-0EC2-38EA-9CB5-BEC6E6402F8F}.Profile|x64.Build.0 = Profile|x64
		{F0146CE9-0EC2-38EA-9CB5-BEC6E6402F8F}.Release|x64.ActiveCfg = Release|x64
		{F0146CE9-0EC2-38EA-9CB5-BEC6E6402F8F}.Release|x64.Build.0 = Release|x64
		{7410F5C0-9D07-3386-BFD9-17652828305B}.Debug|x64.ActiveCfg = Debug|x64
		{7410F5C0-9D07-3386-BFD9-17652828305B}.Debug|x64.Build.0 = Debug|x64
		{7410F5C0-9D07-3386-BFD9-17652828305B}.Profile|x64.ActiveCfg = Profile|x64
		{7410F5C0-9D07-3386-BFD9-17652828305B}.Profile|x64.Build.0 = Profile|x64
		{7410F5C0-9D07-3386-BFD9-17652828305B}.Release|x64.ActiveCfg = Release|x64
		{7410F5C0-9D07-3386-BFD9-17652828305B}.Release|x64.Build.0 = Release|x64
	EndGlobalSection
	GlobalSection(ExtensibilityGlobals) = postSolution
		SolutionGuid = {F3805D0E-878F-3F21-AE1A-878D7CF8505C}
	EndGlobalSection
	GlobalSection(ExtensibilityAddIns) = postSolution
	EndGlobalSection
EndGlobal
