<?xml version="1.0" encoding="utf-8"?>
<Project ToolsVersion="17.0" xmlns="http://schemas.microsoft.com/developer/msbuild/2003">
  <ItemGroup>
    <CustomBuild Include="E:\GitHub\portfolio_flutter\portfolio_flutter\build\windows\x64\CMakeFiles\1f5cdb7775fdd3ee2a15b4f51dd14035\generate.stamp.rule">
      <Filter>CMake Rules</Filter>
    </CustomBuild>
  </ItemGroup>
  <ItemGroup>
    <Filter Include="CMake Rules">
      <UniqueIdentifier>{2DA723C5-BE84-3179-AC55-E52CDF12A3AA}</UniqueIdentifier>
    </Filter>
  </ItemGroup>
</Project>
