<?xml version="1.0" encoding="utf-8"?>
<Project ToolsVersion="17.0" xmlns="http://schemas.microsoft.com/developer/msbuild/2003">
  <ItemGroup>
    <ClCompile Include="E:\GitHub\portfolio_flutter\portfolio_flutter\windows\flutter\ephemeral\.plugin_symlinks\url_launcher_windows\windows\url_launcher_windows.cpp">
      <Filter>Source Files</Filter>
    </ClCompile>
    <ClCompile Include="E:\GitHub\portfolio_flutter\portfolio_flutter\windows\flutter\ephemeral\.plugin_symlinks\url_launcher_windows\windows\messages.g.cpp">
      <Filter>Source Files</Filter>
    </ClCompile>
    <ClCompile Include="E:\GitHub\portfolio_flutter\portfolio_flutter\windows\flutter\ephemeral\.plugin_symlinks\url_launcher_windows\windows\system_apis.cpp">
      <Filter>Source Files</Filter>
    </ClCompile>
    <ClCompile Include="E:\GitHub\portfolio_flutter\portfolio_flutter\windows\flutter\ephemeral\.plugin_symlinks\url_launcher_windows\windows\url_launcher_plugin.cpp">
      <Filter>Source Files</Filter>
    </ClCompile>
  </ItemGroup>
  <ItemGroup>
    <ClInclude Include="E:\GitHub\portfolio_flutter\portfolio_flutter\windows\flutter\ephemeral\.plugin_symlinks\url_launcher_windows\windows\include\url_launcher_windows\url_launcher_windows.h">
      <Filter>Header Files</Filter>
    </ClInclude>
    <ClInclude Include="E:\GitHub\portfolio_flutter\portfolio_flutter\windows\flutter\ephemeral\.plugin_symlinks\url_launcher_windows\windows\messages.g.h">
      <Filter>Header Files</Filter>
    </ClInclude>
    <ClInclude Include="E:\GitHub\portfolio_flutter\portfolio_flutter\windows\flutter\ephemeral\.plugin_symlinks\url_launcher_windows\windows\system_apis.h">
      <Filter>Header Files</Filter>
    </ClInclude>
    <ClInclude Include="E:\GitHub\portfolio_flutter\portfolio_flutter\windows\flutter\ephemeral\.plugin_symlinks\url_launcher_windows\windows\url_launcher_plugin.h">
      <Filter>Header Files</Filter>
    </ClInclude>
  </ItemGroup>
  <ItemGroup>
    <CustomBuild Include="E:\GitHub\portfolio_flutter\portfolio_flutter\windows\flutter\ephemeral\.plugin_symlinks\url_launcher_windows\windows\CMakeLists.txt" />
  </ItemGroup>
  <ItemGroup>
    <Filter Include="Header Files">
      <UniqueIdentifier>{D8179BB4-CA43-3E23-8D95-8BC5E77AE4F7}</UniqueIdentifier>
    </Filter>
    <Filter Include="Source Files">
      <UniqueIdentifier>{CE35D5AB-C4AA-3061-96F9-AE5889F655AF}</UniqueIdentifier>
    </Filter>
  </ItemGroup>
</Project>
